
Microsoft Visual Studio Solution File, Format Version 12.00
# Visual Studio Version 16
VisualStudioVersion = 16.0.29613.14
MinimumVisualStudioVersion = 10.0.40219.1
Project("{9A19103F-16F7-4668-BE54-9A1E7A4F7556}") = "CoreSpatial.Test", "CoreSpatial.Test\CoreSpatial.Test.csproj", "{0F52C16A-74C0-40A5-AF9D-317DBE5C99E7}"
EndProject
Project("{9A19103F-16F7-4668-BE54-9A1E7A4F7556}") = "CoreSpatial", "CoreSpatial\CoreSpatial.csproj", "{88975173-D0E5-4A4D-AACD-174D81B7B640}"
EndProject
Project("{FAE04EC0-301F-11D3-BF4B-00C04F79EFBC}") = "CoreSpatial.Converter", "CoreSpatial.Converter\CoreSpatial.Converter.csproj", "{33D7E5EC-B3DA-4575-BC71-F980F9257E55}"
EndProject
Project("{FAE04EC0-301F-11D3-BF4B-00C04F79EFBC}") = "CoreSpatial.Converter.Test", "CoreSpatial.Converter.Test\CoreSpatial.Converter.Test.csproj", "{49BB8FCF-40C0-4D1B-83EB-93E8E75BE032}"
EndProject
Global
	GlobalSection(SolutionConfigurationPlatforms) = preSolution
		Debug|Any CPU = Debug|Any CPU
		Release|Any CPU = Release|Any CPU
	EndGlobalSection
	GlobalSection(ProjectConfigurationPlatforms) = postSolution
		{0F52C16A-74C0-40A5-AF9D-317DBE5C99E7}.Debug|Any CPU.ActiveCfg = Debug|Any CPU
		{0F52C16A-74C0-40A5-AF9D-317DBE5C99E7}.Debug|Any CPU.Build.0 = Debug|Any CPU
		{0F52C16A-74C0-40A5-AF9D-317DBE5C99E7}.Release|Any CPU.ActiveCfg = Release|Any CPU
		{0F52C16A-74C0-40A5-AF9D-317DBE5C99E7}.Release|Any CPU.Build.0 = Release|Any CPU
		{88975173-D0E5-4A4D-AACD-174D81B7B640}.Debug|Any CPU.ActiveCfg = Debug|Any CPU
		{88975173-D0E5-4A4D-AACD-174D81B7B640}.Debug|Any CPU.Build.0 = Debug|Any CPU
		{88975173-D0E5-4A4D-AACD-174D81B7B640}.Release|Any CPU.ActiveCfg = Release|Any CPU
		{88975173-D0E5-4A4D-AACD-174D81B7B640}.Release|Any CPU.Build.0 = Release|Any CPU
		{33D7E5EC-B3DA-4575-BC71-F980F9257E55}.Debug|Any CPU.ActiveCfg = Debug|Any CPU
		{33D7E5EC-B3DA-4575-BC71-F980F9257E55}.Debug|Any CPU.Build.0 = Debug|Any CPU
		{33D7E5EC-B3DA-4575-BC71-F980F9257E55}.Release|Any CPU.ActiveCfg = Release|Any CPU
		{33D7E5EC-B3DA-4575-BC71-F980F9257E55}.Release|Any CPU.Build.0 = Release|Any CPU
		{49BB8FCF-40C0-4D1B-83EB-93E8E75BE032}.Debug|Any CPU.ActiveCfg = Debug|Any CPU
		{49BB8FCF-40C0-4D1B-83EB-93E8E75BE032}.Debug|Any CPU.Build.0 = Debug|Any CPU
		{49BB8FCF-40C0-4D1B-83EB-93E8E75BE032}.Release|Any CPU.ActiveCfg = Release|Any CPU
		{49BB8FCF-40C0-4D1B-83EB-93E8E75BE032}.Release|Any CPU.Build.0 = Release|Any CPU
	EndGlobalSection
	GlobalSection(SolutionProperties) = preSolution
		HideSolutionNode = FALSE
	EndGlobalSection
	GlobalSection(ExtensibilityGlobals) = postSolution
		SolutionGuid = {E038E684-7C07-4FE3-8696-D5FA3234D8C6}
	EndGlobalSection
EndGlobal
